
Microsoft Visual Studio Solution File, Format Version 12.00
# Visual Studio Version 16
VisualStudioVersion = 16.0.29806.167
MinimumVisualStudioVersion = 10.0.40219.1
Project("{FAE04EC0-301F-11D3-BF4B-00C04F79EFBC}") = "ExcisePlaning", "ExcisePlaning\ExcisePlaning.csproj", "{05A13FE6-63D1-4C19-B750-EE69CC5E4313}"
EndProject
Project("{2150E333-8FDC-42A3-9474-1A3956D46DE8}") = "Solution Items", "Solution Items", "{B488C236-21D3-471F-967E-99E06FAC65C9}"
	ProjectSection(SolutionItems) = preProject
		.editorconfig = .editorconfig
	EndProjectSection
EndProject
Global
	GlobalSection(SolutionConfigurationPlatforms) = preSolution
		Debug|Any CPU = Debug|Any CPU
		Release|Any CPU = Release|Any CPU
	EndGlobalSection
	GlobalSection(ProjectConfigurationPlatforms) = postSolution
		{05A13FE6-63D1-4C19-B750-EE69CC5E4313}.Debug|Any CPU.ActiveCfg = Debug|Any CPU
		{05A13FE6-63D1-4C19-B750-EE69CC5E4313}.Debug|Any CPU.Build.0 = Debug|Any CPU
		{05A13FE6-63D1-4C19-B750-EE69CC5E4313}.Release|Any CPU.ActiveCfg = Release|Any CPU
		{05A13FE6-63D1-4C19-B750-EE69CC5E4313}.Release|Any CPU.Build.0 = Release|Any CPU
	EndGlobalSection
	GlobalSection(SolutionProperties) = preSolution
		HideSolutionNode = FALSE
	EndGlobalSection
	GlobalSection(ExtensibilityGlobals) = postSolution
		SolutionGuid = {BB50CB42-B529-4EB2-A6FB-DD9E37A4AA3E}
	EndGlobalSection
EndGlobal
